
Microsoft Visual Studio Solution File, Format Version 12.00
# Visual Studio Version 17
VisualStudioVersion = 17.0.31903.59
MinimumVisualStudioVersion = 10.0.40219.1
Project("{9A19103F-16F7-4668-BE54-9A1E7A4F7556}") = "RegistryLib", "RegistryLib\RegistryLib.csproj", "{64359B72-09A6-4EFE-96E3-C1757996F333}"
EndProject
Project("{9A19103F-16F7-4668-BE54-9A1E7A4F7556}") = "RegistryLibTest", "RegistryLibTest\RegistryLibTest.csproj", "{5E57B5A8-1312-4C66-88BE-104E31B8DDE7}"
EndProject
Project("{9A19103F-16F7-4668-BE54-9A1E7A4F7556}") = "DriveIconsApp", "DriveIconsApp\DriveIconsApp.csproj", "{B2714999-2A81-4B75-9DE3-5FF05958B332}"
EndProject
Project("{2150E333-8FDC-42A3-9474-1A3956D46DE8}") = "Solution Items", "Solution Items", "{55DAD619-A1E1-48FA-BA97-7FBAA1E3E278}"
	ProjectSection(SolutionItems) = preProject
		..csharpierrc.yaml = ..csharpierrc.yaml
		.editorconfig = .editorconfig
	EndProjectSection
EndProject
Project("{6EC3EE1D-3C4E-46DD-8F32-0CC8E7565705}") = "RegistryCLI", "RegistryCLI\RegistryCLI.fsproj", "{2A00B09A-1572-41C2-87FE-DB0C0E386C80}"
EndProject
Global
	GlobalSection(SolutionConfigurationPlatforms) = preSolution
		Debug|Any CPU = Debug|Any CPU
		Release|Any CPU = Release|Any CPU
	EndGlobalSection
	GlobalSection(ProjectConfigurationPlatforms) = postSolution
		{64359B72-09A6-4EFE-96E3-C1757996F333}.Debug|Any CPU.ActiveCfg = Debug|Any CPU
		{64359B72-09A6-4EFE-96E3-C1757996F333}.Debug|Any CPU.Build.0 = Debug|Any CPU
		{64359B72-09A6-4EFE-96E3-C1757996F333}.Release|Any CPU.ActiveCfg = Release|Any CPU
		{64359B72-09A6-4EFE-96E3-C1757996F333}.Release|Any CPU.Build.0 = Release|Any CPU
		{5E57B5A8-1312-4C66-88BE-104E31B8DDE7}.Debug|Any CPU.ActiveCfg = Debug|Any CPU
		{5E57B5A8-1312-4C66-88BE-104E31B8DDE7}.Debug|Any CPU.Build.0 = Debug|Any CPU
		{5E57B5A8-1312-4C66-88BE-104E31B8DDE7}.Release|Any CPU.ActiveCfg = Release|Any CPU
		{5E57B5A8-1312-4C66-88BE-104E31B8DDE7}.Release|Any CPU.Build.0 = Release|Any CPU
		{B2714999-2A81-4B75-9DE3-5FF05958B332}.Debug|Any CPU.ActiveCfg = Debug|Any CPU
		{B2714999-2A81-4B75-9DE3-5FF05958B332}.Debug|Any CPU.Build.0 = Debug|Any CPU
		{B2714999-2A81-4B75-9DE3-5FF05958B332}.Release|Any CPU.ActiveCfg = Release|Any CPU
		{B2714999-2A81-4B75-9DE3-5FF05958B332}.Release|Any CPU.Build.0 = Release|Any CPU
		{2A00B09A-1572-41C2-87FE-DB0C0E386C80}.Debug|Any CPU.ActiveCfg = Debug|Any CPU
		{2A00B09A-1572-41C2-87FE-DB0C0E386C80}.Debug|Any CPU.Build.0 = Debug|Any CPU
		{2A00B09A-1572-41C2-87FE-DB0C0E386C80}.Release|Any CPU.ActiveCfg = Release|Any CPU
		{2A00B09A-1572-41C2-87FE-DB0C0E386C80}.Release|Any CPU.Build.0 = Release|Any CPU
	EndGlobalSection
	GlobalSection(SolutionProperties) = preSolution
		HideSolutionNode = FALSE
	EndGlobalSection
	GlobalSection(ExtensibilityGlobals) = postSolution
		SolutionGuid = {0AA1E4B1-5643-47E5-AACA-E3D53617F021}
	EndGlobalSection
EndGlobal
